
Microsoft Visual Studio Solution File, Format Version 12.00
# Visual Studio Version 17
VisualStudioVersion = 17.9.34902.65
MinimumVisualStudioVersion = 10.0.40219.1
Project("{2150E333-8FDC-42A3-9474-1A3956D46DE8}") = "Web", "Web", "{45CBE2B3-4DB0-4C1E-9A85-23D06B3A04FE}"
EndProject
Project("{9A19103F-16F7-4668-BE54-9A1E7A4F7556}") = "BestReads.MVC", "Web\BestReads.MVC\BestReads.MVC.csproj", "{FD7808EE-B732-44DD-851E-7C68137EEBC4}"
EndProject
Project("{2150E333-8FDC-42A3-9474-1A3956D46DE8}") = "Data", "Data", "{3F4C58D7-DFCC-40E8-B4F1-1992FE7AC5D6}"
EndProject
Project("{9A19103F-16F7-4668-BE54-9A1E7A4F7556}") = "BestReads.Data.Common", "Data\BestReads.Data.Common\BestReads.Data.Common.csproj", "{E4638400-FB4A-48E8-A76A-72B229FD1B00}"
EndProject
Project("{9A19103F-16F7-4668-BE54-9A1E7A4F7556}") = "BestReads.Data", "Data\BestReads.Data\BestReads.Data.csproj", "{63F2B1F8-A4D8-4432-856A-6E31860D4091}"
EndProject
Project("{9A19103F-16F7-4668-BE54-9A1E7A4F7556}") = "BestReads.Data.Models", "Data\BestReads.Data.Models\BestReads.Data.Models.csproj", "{4288B38C-E5A4-4961-9BE7-BDE38392DA6B}"
EndProject
Project("{2150E333-8FDC-42A3-9474-1A3956D46DE8}") = "Common", "Common", "{BC4A9A8F-9960-4B04-A646-3EA78730CFF7}"
EndProject
Project("{9A19103F-16F7-4668-BE54-9A1E7A4F7556}") = "BestReads.Helpers", "Common\BestReads.Helpers\BestReads.Helpers.csproj", "{FBFAAC64-5137-40D4-B22F-B557991A485D}"
EndProject
Project("{2150E333-8FDC-42A3-9474-1A3956D46DE8}") = "Services", "Services", "{6C58E645-B84D-44D3-8752-D6C7BCDEEAA8}"
EndProject
Project("{9A19103F-16F7-4668-BE54-9A1E7A4F7556}") = "BestReads.Services", "Services\BestReads.Services\BestReads.Services.csproj", "{D85A5115-AFF8-4AD4-B488-22C05B9EF26B}"
EndProject
Project("{9A19103F-16F7-4668-BE54-9A1E7A4F7556}") = "BestReads.Services.Shared", "Services\BestReads.Services.Shared\BestReads.Services.Shared.csproj", "{F70521B7-F39F-4EDE-A7F2-EEADFBCFB0CC}"
EndProject
Project("{9A19103F-16F7-4668-BE54-9A1E7A4F7556}") = "BestReads.InputModels", "Common\BestReads.InputModels\BestReads.InputModels.csproj", "{395010EC-BBBB-426C-92C2-C127DAA22D1C}"
EndProject
Project("{9A19103F-16F7-4668-BE54-9A1E7A4F7556}") = "BestReads.OutputModels", "Common\BestReads.OutputModels\BestReads.OutputModels.csproj", "{D584A060-F081-4043-9B49-81D6E6FE6D2A}"
EndProject
Global
	GlobalSection(SolutionConfigurationPlatforms) = preSolution
		Debug|Any CPU = Debug|Any CPU
		Release|Any CPU = Release|Any CPU
	EndGlobalSection
	GlobalSection(ProjectConfigurationPlatforms) = postSolution
		{FD7808EE-B732-44DD-851E-7C68137EEBC4}.Debug|Any CPU.ActiveCfg = Debug|Any CPU
		{FD7808EE-B732-44DD-851E-7C68137EEBC4}.Debug|Any CPU.Build.0 = Debug|Any CPU
		{FD7808EE-B732-44DD-851E-7C68137EEBC4}.Release|Any CPU.ActiveCfg = Release|Any CPU
		{FD7808EE-B732-44DD-851E-7C68137EEBC4}.Release|Any CPU.Build.0 = Release|Any CPU
		{E4638400-FB4A-48E8-A76A-72B229FD1B00}.Debug|Any CPU.ActiveCfg = Debug|Any CPU
		{E4638400-FB4A-48E8-A76A-72B229FD1B00}.Debug|Any CPU.Build.0 = Debug|Any CPU
		{E4638400-FB4A-48E8-A76A-72B229FD1B00}.Release|Any CPU.ActiveCfg = Release|Any CPU
		{E4638400-FB4A-48E8-A76A-72B229FD1B00}.Release|Any CPU.Build.0 = Release|Any CPU
		{63F2B1F8-A4D8-4432-856A-6E31860D4091}.Debug|Any CPU.ActiveCfg = Debug|Any CPU
		{63F2B1F8-A4D8-4432-856A-6E31860D4091}.Debug|Any CPU.Build.0 = Debug|Any CPU
		{63F2B1F8-A4D8-4432-856A-6E31860D4091}.Release|Any CPU.ActiveCfg = Release|Any CPU
		{63F2B1F8-A4D8-4432-856A-6E31860D4091}.Release|Any CPU.Build.0 = Release|Any CPU
		{4288B38C-E5A4-4961-9BE7-BDE38392DA6B}.Debug|Any CPU.ActiveCfg = Debug|Any CPU
		{4288B38C-E5A4-4961-9BE7-BDE38392DA6B}.Debug|Any CPU.Build.0 = Debug|Any CPU
		{4288B38C-E5A4-4961-9BE7-BDE38392DA6B}.Release|Any CPU.ActiveCfg = Release|Any CPU
		{4288B38C-E5A4-4961-9BE7-BDE38392DA6B}.Release|Any CPU.Build.0 = Release|Any CPU
		{FBFAAC64-5137-40D4-B22F-B557991A485D}.Debug|Any CPU.ActiveCfg = Debug|Any CPU
		{FBFAAC64-5137-40D4-B22F-B557991A485D}.Debug|Any CPU.Build.0 = Debug|Any CPU
		{FBFAAC64-5137-40D4-B22F-B557991A485D}.Release|Any CPU.ActiveCfg = Release|Any CPU
		{FBFAAC64-5137-40D4-B22F-B557991A485D}.Release|Any CPU.Build.0 = Release|Any CPU
		{D85A5115-AFF8-4AD4-B488-22C05B9EF26B}.Debug|Any CPU.ActiveCfg = Debug|Any CPU
		{D85A5115-AFF8-4AD4-B488-22C05B9EF26B}.Debug|Any CPU.Build.0 = Debug|Any CPU
		{D85A5115-AFF8-4AD4-B488-22C05B9EF26B}.Release|Any CPU.ActiveCfg = Release|Any CPU
		{D85A5115-AFF8-4AD4-B488-22C05B9EF26B}.Release|Any CPU.Build.0 = Release|Any CPU
		{F70521B7-F39F-4EDE-A7F2-EEADFBCFB0CC}.Debug|Any CPU.ActiveCfg = Debug|Any CPU
		{F70521B7-F39F-4EDE-A7F2-EEADFBCFB0CC}.Debug|Any CPU.Build.0 = Debug|Any CPU
		{F70521B7-F39F-4EDE-A7F2-EEADFBCFB0CC}.Release|Any CPU.ActiveCfg = Release|Any CPU
		{F70521B7-F39F-4EDE-A7F2-EEADFBCFB0CC}.Release|Any CPU.Build.0 = Release|Any CPU
		{395010EC-BBBB-426C-92C2-C127DAA22D1C}.Debug|Any CPU.ActiveCfg = Debug|Any CPU
		{395010EC-BBBB-426C-92C2-C127DAA22D1C}.Debug|Any CPU.Build.0 = Debug|Any CPU
		{395010EC-BBBB-426C-92C2-C127DAA22D1C}.Release|Any CPU.ActiveCfg = Release|Any CPU
		{395010EC-BBBB-426C-92C2-C127DAA22D1C}.Release|Any CPU.Build.0 = Release|Any CPU
		{D584A060-F081-4043-9B49-81D6E6FE6D2A}.Debug|Any CPU.ActiveCfg = Debug|Any CPU
		{D584A060-F081-4043-9B49-81D6E6FE6D2A}.Debug|Any CPU.Build.0 = Debug|Any CPU
		{D584A060-F081-4043-9B49-81D6E6FE6D2A}.Release|Any CPU.ActiveCfg = Release|Any CPU
		{D584A060-F081-4043-9B49-81D6E6FE6D2A}.Release|Any CPU.Build.0 = Release|Any CPU
	EndGlobalSection
	GlobalSection(SolutionProperties) = preSolution
		HideSolutionNode = FALSE
	EndGlobalSection
	GlobalSection(NestedProjects) = preSolution
		{FD7808EE-B732-44DD-851E-7C68137EEBC4} = {45CBE2B3-4DB0-4C1E-9A85-23D06B3A04FE}
		{E4638400-FB4A-48E8-A76A-72B229FD1B00} = {3F4C58D7-DFCC-40E8-B4F1-1992FE7AC5D6}
		{63F2B1F8-A4D8-4432-856A-6E31860D4091} = {3F4C58D7-DFCC-40E8-B4F1-1992FE7AC5D6}
		{4288B38C-E5A4-4961-9BE7-BDE38392DA6B} = {3F4C58D7-DFCC-40E8-B4F1-1992FE7AC5D6}
		{FBFAAC64-5137-40D4-B22F-B557991A485D} = {BC4A9A8F-9960-4B04-A646-3EA78730CFF7}
		{D85A5115-AFF8-4AD4-B488-22C05B9EF26B} = {6C58E645-B84D-44D3-8752-D6C7BCDEEAA8}
		{F70521B7-F39F-4EDE-A7F2-EEADFBCFB0CC} = {6C58E645-B84D-44D3-8752-D6C7BCDEEAA8}
		{395010EC-BBBB-426C-92C2-C127DAA22D1C} = {BC4A9A8F-9960-4B04-A646-3EA78730CFF7}
		{D584A060-F081-4043-9B49-81D6E6FE6D2A} = {BC4A9A8F-9960-4B04-A646-3EA78730CFF7}
	EndGlobalSection
	GlobalSection(ExtensibilityGlobals) = postSolution
		SolutionGuid = {FABF4AD7-056E-46EF-96F2-D697DD033A41}
	EndGlobalSection
EndGlobal
